
Microsoft Visual Studio Solution File, Format Version 12.00
# Visual Studio Version 16
VisualStudioVersion = 16.0.29201.188
MinimumVisualStudioVersion = 10.0.40219.1
Project("{FAE04EC0-301F-11D3-BF4B-00C04F79EFBC}") = "galleryWebsiteSparta", "galleryWebsiteSparta\galleryWebsiteSparta.csproj", "{AA8043F2-A7D7-41D0-BF09-5CC38187207D}"
EndProject
Global
	GlobalSection(SolutionConfigurationPlatforms) = preSolution
		Debug|Any CPU = Debug|Any CPU
		Release|Any CPU = Release|Any CPU
	EndGlobalSection
	GlobalSection(ProjectConfigurationPlatforms) = postSolution
		{AA8043F2-A7D7-41D0-BF09-5CC38187207D}.Debug|Any CPU.ActiveCfg = Debug|Any CPU
		{AA8043F2-A7D7-41D0-BF09-5CC38187207D}.Debug|Any CPU.Build.0 = Debug|Any CPU
		{AA8043F2-A7D7-41D0-BF09-5CC38187207D}.Release|Any CPU.ActiveCfg = Release|Any CPU
		{AA8043F2-A7D7-41D0-BF09-5CC38187207D}.Release|Any CPU.Build.0 = Release|Any CPU
	EndGlobalSection
	GlobalSection(SolutionProperties) = preSolution
		HideSolutionNode = FALSE
	EndGlobalSection
	GlobalSection(ExtensibilityGlobals) = postSolution
		SolutionGuid = {D0F89F7E-ACAC-401C-B712-A45382B91046}
	EndGlobalSection
EndGlobal
